
Microsoft Visual Studio Solution File, Format Version 12.00
# Visual Studio 15
VisualStudioVersion = 15.0.26124.0
MinimumVisualStudioVersion = 15.0.26124.0
Project("{FAE04EC0-301F-11D3-BF4B-00C04F79EFBC}") = "LotoWinAPI", "LotoWinAPI\LotoWinAPI.csproj", "{59785F9E-4FB3-4438-BAA1-0C95F3432834}"
EndProject
Project("{FAE04EC0-301F-11D3-BF4B-00C04F79EFBC}") = "LotoWinRepositorio", "LotoWinRepositorio\LotoWinRepositorio.csproj", "{5609AAF3-CD31-46D2-8D6B-1F0A9CC062F0}"
EndProject
Project("{FAE04EC0-301F-11D3-BF4B-00C04F79EFBC}") = "LotoWinDominio", "LotoWinDominio\LotoWinDominio.csproj", "{1920C931-E06F-4E15-8D75-C26E4F2BA9CE}"
EndProject
Global
	GlobalSection(SolutionConfigurationPlatforms) = preSolution
		Debug|Any CPU = Debug|Any CPU
		Debug|x64 = Debug|x64
		Debug|x86 = Debug|x86
		Release|Any CPU = Release|Any CPU
		Release|x64 = Release|x64
		Release|x86 = Release|x86
	EndGlobalSection
	GlobalSection(SolutionProperties) = preSolution
		HideSolutionNode = FALSE
	EndGlobalSection
	GlobalSection(ProjectConfigurationPlatforms) = postSolution
		{59785F9E-4FB3-4438-BAA1-0C95F3432834}.Debug|Any CPU.ActiveCfg = Debug|Any CPU
		{59785F9E-4FB3-4438-BAA1-0C95F3432834}.Debug|Any CPU.Build.0 = Debug|Any CPU
		{59785F9E-4FB3-4438-BAA1-0C95F3432834}.Debug|x64.ActiveCfg = Debug|Any CPU
		{59785F9E-4FB3-4438-BAA1-0C95F3432834}.Debug|x64.Build.0 = Debug|Any CPU
		{59785F9E-4FB3-4438-BAA1-0C95F3432834}.Debug|x86.ActiveCfg = Debug|Any CPU
		{59785F9E-4FB3-4438-BAA1-0C95F3432834}.Debug|x86.Build.0 = Debug|Any CPU
		{59785F9E-4FB3-4438-BAA1-0C95F3432834}.Release|Any CPU.ActiveCfg = Release|Any CPU
		{59785F9E-4FB3-4438-BAA1-0C95F3432834}.Release|Any CPU.Build.0 = Release|Any CPU
		{59785F9E-4FB3-4438-BAA1-0C95F3432834}.Release|x64.ActiveCfg = Release|Any CPU
		{59785F9E-4FB3-4438-BAA1-0C95F3432834}.Release|x64.Build.0 = Release|Any CPU
		{59785F9E-4FB3-4438-BAA1-0C95F3432834}.Release|x86.ActiveCfg = Release|Any CPU
		{59785F9E-4FB3-4438-BAA1-0C95F3432834}.Release|x86.Build.0 = Release|Any CPU
		{5609AAF3-CD31-46D2-8D6B-1F0A9CC062F0}.Debug|Any CPU.ActiveCfg = Debug|Any CPU
		{5609AAF3-CD31-46D2-8D6B-1F0A9CC062F0}.Debug|Any CPU.Build.0 = Debug|Any CPU
		{5609AAF3-CD31-46D2-8D6B-1F0A9CC062F0}.Debug|x64.ActiveCfg = Debug|Any CPU
		{5609AAF3-CD31-46D2-8D6B-1F0A9CC062F0}.Debug|x64.Build.0 = Debug|Any CPU
		{5609AAF3-CD31-46D2-8D6B-1F0A9CC062F0}.Debug|x86.ActiveCfg = Debug|Any CPU
		{5609AAF3-CD31-46D2-8D6B-1F0A9CC062F0}.Debug|x86.Build.0 = Debug|Any CPU
		{5609AAF3-CD31-46D2-8D6B-1F0A9CC062F0}.Release|Any CPU.ActiveCfg = Release|Any CPU
		{5609AAF3-CD31-46D2-8D6B-1F0A9CC062F0}.Release|Any CPU.Build.0 = Release|Any CPU
		{5609AAF3-CD31-46D2-8D6B-1F0A9CC062F0}.Release|x64.ActiveCfg = Release|Any CPU
		{5609AAF3-CD31-46D2-8D6B-1F0A9CC062F0}.Release|x64.Build.0 = Release|Any CPU
		{5609AAF3-CD31-46D2-8D6B-1F0A9CC062F0}.Release|x86.ActiveCfg = Release|Any CPU
		{5609AAF3-CD31-46D2-8D6B-1F0A9CC062F0}.Release|x86.Build.0 = Release|Any CPU
		{1920C931-E06F-4E15-8D75-C26E4F2BA9CE}.Debug|Any CPU.ActiveCfg = Debug|Any CPU
		{1920C931-E06F-4E15-8D75-C26E4F2BA9CE}.Debug|Any CPU.Build.0 = Debug|Any CPU
		{1920C931-E06F-4E15-8D75-C26E4F2BA9CE}.Debug|x64.ActiveCfg = Debug|Any CPU
		{1920C931-E06F-4E15-8D75-C26E4F2BA9CE}.Debug|x64.Build.0 = Debug|Any CPU
		{1920C931-E06F-4E15-8D75-C26E4F2BA9CE}.Debug|x86.ActiveCfg = Debug|Any CPU
		{1920C931-E06F-4E15-8D75-C26E4F2BA9CE}.Debug|x86.Build.0 = Debug|Any CPU
		{1920C931-E06F-4E15-8D75-C26E4F2BA9CE}.Release|Any CPU.ActiveCfg = Release|Any CPU
		{1920C931-E06F-4E15-8D75-C26E4F2BA9CE}.Release|Any CPU.Build.0 = Release|Any CPU
		{1920C931-E06F-4E15-8D75-C26E4F2BA9CE}.Release|x64.ActiveCfg = Release|Any CPU
		{1920C931-E06F-4E15-8D75-C26E4F2BA9CE}.Release|x64.Build.0 = Release|Any CPU
		{1920C931-E06F-4E15-8D75-C26E4F2BA9CE}.Release|x86.ActiveCfg = Release|Any CPU
		{1920C931-E06F-4E15-8D75-C26E4F2BA9CE}.Release|x86.Build.0 = Release|Any CPU
	EndGlobalSection
EndGlobal
